
Microsoft Visual Studio Solution File, Format Version 12.00
# Visual Studio Version 17
VisualStudioVersion = 17.5.2.0
MinimumVisualStudioVersion = 10.0.40219.1
Project("{FAE04EC0-301F-11D3-BF4B-00C04F79EFBC}") = "LinearCutWpf", "LinearCutWpf.csproj", "{FE5BB902-176F-FE74-90F6-325F45B70B25}"
EndProject
Project("{FAE04EC0-301F-11D3-BF4B-00C04F79EFBC}") = "LinearCutWpf.Tests", "LinearCutWpf.Tests\LinearCutWpf.Tests.csproj", "{23ED1F95-6FCB-4DD2-9065-E497A1745F5E}"
EndProject
Global
	GlobalSection(SolutionConfigurationPlatforms) = preSolution
		Debug|Any CPU = Debug|Any CPU
		Debug|x64 = Debug|x64
		Debug|x86 = Debug|x86
		Release|Any CPU = Release|Any CPU
		Release|x64 = Release|x64
		Release|x86 = Release|x86
	EndGlobalSection
	GlobalSection(ProjectConfigurationPlatforms) = postSolution
		{FE5BB902-176F-FE74-90F6-325F45B70B25}.Debug|Any CPU.ActiveCfg = Debug|Any CPU
		{FE5BB902-176F-FE74-90F6-325F45B70B25}.Debug|Any CPU.Build.0 = Debug|Any CPU
		{FE5BB902-176F-FE74-90F6-325F45B70B25}.Debug|x64.ActiveCfg = Debug|Any CPU
		{FE5BB902-176F-FE74-90F6-325F45B70B25}.Debug|x64.Build.0 = Debug|Any CPU
		{FE5BB902-176F-FE74-90F6-325F45B70B25}.Debug|x86.ActiveCfg = Debug|Any CPU
		{FE5BB902-176F-FE74-90F6-325F45B70B25}.Debug|x86.Build.0 = Debug|Any CPU
		{FE5BB902-176F-FE74-90F6-325F45B70B25}.Release|Any CPU.ActiveCfg = Release|Any CPU
		{FE5BB902-176F-FE74-90F6-325F45B70B25}.Release|Any CPU.Build.0 = Release|Any CPU
		{FE5BB902-176F-FE74-90F6-325F45B70B25}.Release|x64.ActiveCfg = Release|Any CPU
		{FE5BB902-176F-FE74-90F6-325F45B70B25}.Release|x64.Build.0 = Release|Any CPU
		{FE5BB902-176F-FE74-90F6-325F45B70B25}.Release|x86.ActiveCfg = Release|Any CPU
		{FE5BB902-176F-FE74-90F6-325F45B70B25}.Release|x86.Build.0 = Release|Any CPU
		{23ED1F95-6FCB-4DD2-9065-E497A1745F5E}.Debug|Any CPU.ActiveCfg = Debug|Any CPU
		{23ED1F95-6FCB-4DD2-9065-E497A1745F5E}.Debug|Any CPU.Build.0 = Debug|Any CPU
		{23ED1F95-6FCB-4DD2-9065-E497A1745F5E}.Debug|x64.ActiveCfg = Debug|Any CPU
		{23ED1F95-6FCB-4DD2-9065-E497A1745F5E}.Debug|x64.Build.0 = Debug|Any CPU
		{23ED1F95-6FCB-4DD2-9065-E497A1745F5E}.Debug|x86.ActiveCfg = Debug|Any CPU
		{23ED1F95-6FCB-4DD2-9065-E497A1745F5E}.Debug|x86.Build.0 = Debug|Any CPU
		{23ED1F95-6FCB-4DD2-9065-E497A1745F5E}.Release|Any CPU.ActiveCfg = Release|Any CPU
		{23ED1F95-6FCB-4DD2-9065-E497A1745F5E}.Release|Any CPU.Build.0 = Release|Any CPU
		{23ED1F95-6FCB-4DD2-9065-E497A1745F5E}.Release|x64.ActiveCfg = Release|Any CPU
		{23ED1F95-6FCB-4DD2-9065-E497A1745F5E}.Release|x64.Build.0 = Release|Any CPU
		{23ED1F95-6FCB-4DD2-9065-E497A1745F5E}.Release|x86.ActiveCfg = Release|Any CPU
		{23ED1F95-6FCB-4DD2-9065-E497A1745F5E}.Release|x86.Build.0 = Release|Any CPU
	EndGlobalSection
	GlobalSection(SolutionProperties) = preSolution
		HideSolutionNode = FALSE
	EndGlobalSection
	GlobalSection(ExtensibilityGlobals) = postSolution
		SolutionGuid = {DD718502-9FA4-48CC-ABCE-25DD5D07AE44}
	EndGlobalSection
EndGlobal
